{
  "originHash" : "082c1c633d106fdc6b935f5560e696c7248f2780fd19b97ef6c84057b3a54740",
  "pins" : [
    {
      "identity" : "tiqr-app-core-ios",
      "kind" : "remoteSourceControl",
      "location" : "https://github.com/Tiqr/tiqr-app-core-ios",
      "state" : {
        "revision" : "34d63500ebbe4d810a29a6dc1f76e59ce853d5fd"
      }
    }
  ],
  "version" : 3
}
