{
  "originHash" : "4f3d8afbf6d4af381a5a1d807b85fcbb393e804d1fdbc25b25b824e19424f080",
  "pins" : [
    {
      "identity" : "tiqr-app-core-ios",
      "kind" : "remoteSourceControl",
      "location" : "https://github.com/Tiqr/tiqr-app-core-ios",
      "state" : {
        "revision" : "833b7cc7001fc8abf45b98ab0cc41ed43ef6c91d"
      }
    }
  ],
  "version" : 3
}
