{
  "originHash" : "37d32c0b3645e13740cb448c94d8c6e85ea5753793dfbe908fac122bbc3b1fa6",
  "pins" : [
    {
      "identity" : "tiqr-app-core-ios",
      "kind" : "remoteSourceControl",
      "location" : "https://github.com/Tiqr/tiqr-app-core-ios",
      "state" : {
        "revision" : "9ca8f15a6fdf3cd22cfd3eb09b83b243059bdb30"
      }
    }
  ],
  "version" : 3
}
