// !$*UTF8*$!
{
	archiveVersion = 1;
	classes = {
	};
	objectVersion = 70;
	objects = {

/* Begin PBXBuildFile section */
		736CA9552D84136100E6C6F3 /* MainModule in Frameworks */ = {isa = PBXBuildFile; productRef = 736CA9542D84136100E6C6F3 /* MainModule */; };
		736CA9812D84170800E6C6F3 /* Notifications.appex in Embed Foundation Extensions */ = {isa = PBXBuildFile; fileRef = 736CA97A2D84170800E6C6F3 /* Notifications.appex */; settings = {ATTRIBUTES = (RemoveHeadersOnCopy, ); }; };
		736CA99C2D841C1100E6C6F3 /* MainModule in Frameworks */ = {isa = PBXBuildFile; productRef = 736CA99B2D841C1100E6C6F3 /* MainModule */; };
		73D492A32D842E0F00E91EB9 /* UserNotifications.framework in Frameworks */ = {isa = PBXBuildFile; fileRef = 73D492A22D842E0F00E91EB9 /* UserNotifications.framework */; };
/* End PBXBuildFile section */

/* Begin PBXContainerItemProxy section */
		736CA97F2D84170800E6C6F3 /* PBXContainerItemProxy */ = {
			isa = PBXContainerItemProxy;
			containerPortal = C7B65024279ADCF400582325 /* Project object */;
			proxyType = 1;
			remoteGlobalIDString = 736CA9792D84170800E6C6F3;
			remoteInfo = Notifications;
		};
/* End PBXContainerItemProxy section */

/* Begin PBXCopyFilesBuildPhase section */
		C70FE85F2B2E285C002B627F /* Embed Foundation Extensions */ = {
			isa = PBXCopyFilesBuildPhase;
			buildActionMask = 2147483647;
			dstPath = "";
			dstSubfolderSpec = 13;
			files = (
				736CA9812D84170800E6C6F3 /* Notifications.appex in Embed Foundation Extensions */,
			);
			name = "Embed Foundation Extensions";
			runOnlyForDeploymentPostprocessing = 0;
		};
/* End PBXCopyFilesBuildPhase section */

/* Begin PBXFileReference section */
		736CA94D2D84040800E6C6F3 /* govSecureID--iOS--Info.plist */ = {isa = PBXFileReference; lastKnownFileType = text.plist.xml; path = "govSecureID--iOS--Info.plist"; sourceTree = "<group>"; };
		736CA97A2D84170800E6C6F3 /* Notifications.appex */ = {isa = PBXFileReference; explicitFileType = "wrapper.app-extension"; includeInIndex = 0; path = Notifications.appex; sourceTree = BUILT_PRODUCTS_DIR; };
		736CA99F2D84203100E6C6F3 /* govSecureID (iOS).entitlements */ = {isa = PBXFileReference; lastKnownFileType = text.plist.entitlements; path = "govSecureID (iOS).entitlements"; sourceTree = "<group>"; };
		73D492A22D842E0F00E91EB9 /* UserNotifications.framework */ = {isa = PBXFileReference; lastKnownFileType = wrapper.framework; name = UserNotifications.framework; path = Platforms/iPhoneOS.platform/Developer/SDKs/iPhoneOS18.2.sdk/System/Library/Frameworks/UserNotifications.framework; sourceTree = DEVELOPER_DIR; };
		C70FE84F2B2E285A002B627F /* SwiftUI.framework */ = {isa = PBXFileReference; lastKnownFileType = wrapper.framework; name = SwiftUI.framework; path = /System/Library/Frameworks/SwiftUI.framework; sourceTree = "<absolute>"; };
		C731316E279AECAA006081C4 /* SharedLibrary */ = {isa = PBXFileReference; lastKnownFileType = wrapper; name = SharedLibrary; path = govSecureID/SharedLibrary; sourceTree = "<group>"; };
		C7313171279AECC4006081C4 /* ReadMe.md */ = {isa = PBXFileReference; lastKnownFileType = net.daringfireball.markdown; path = ReadMe.md; sourceTree = "<group>"; };
		C7B65030279ADCF600582325 /* govSecureID-Test.app */ = {isa = PBXFileReference; explicitFileType = wrapper.application; includeInIndex = 0; path = "govSecureID-Test.app"; sourceTree = BUILT_PRODUCTS_DIR; };
/* End PBXFileReference section */

/* Begin PBXFileSystemSynchronizedBuildFileExceptionSet section */
		736CA9532D84086800E6C6F3 /* PBXFileSystemSynchronizedBuildFileExceptionSet */ = {
			isa = PBXFileSystemSynchronizedBuildFileExceptionSet;
			membershipExceptions = (
				"GovSecureID-App.swift",
				Media.xcassets,
			);
			target = C7B6502F279ADCF600582325 /* govSecureID (iOS) */;
		};
		73D4929A2D84227700E91EB9 /* PBXFileSystemSynchronizedBuildFileExceptionSet */ = {
			isa = PBXFileSystemSynchronizedBuildFileExceptionSet;
			membershipExceptions = (
				"GovSecureID-App.swift",
			);
			target = 736CA9792D84170800E6C6F3 /* Notifications */;
		};
		73D492A12D84230E00E91EB9 /* PBXFileSystemSynchronizedBuildFileExceptionSet */ = {
			isa = PBXFileSystemSynchronizedBuildFileExceptionSet;
			membershipExceptions = (
				Info.plist,
			);
			target = 736CA9792D84170800E6C6F3 /* Notifications */;
		};
/* End PBXFileSystemSynchronizedBuildFileExceptionSet section */

/* Begin PBXFileSystemSynchronizedRootGroup section */
		736CA94F2D8407CD00E6C6F3 /* Shared */ = {isa = PBXFileSystemSynchronizedRootGroup; exceptions = (736CA9532D84086800E6C6F3 /* PBXFileSystemSynchronizedBuildFileExceptionSet */, 73D4929A2D84227700E91EB9 /* PBXFileSystemSynchronizedBuildFileExceptionSet */, ); explicitFileTypes = {}; explicitFolders = (); name = Shared; path = govSecureID/Shared; sourceTree = "<group>"; };
		73D4929E2D8422E800E91EB9 /* Notifications */ = {isa = PBXFileSystemSynchronizedRootGroup; exceptions = (73D492A12D84230E00E91EB9 /* PBXFileSystemSynchronizedBuildFileExceptionSet */, ); explicitFileTypes = {}; explicitFolders = (); path = Notifications; sourceTree = "<group>"; };
/* End PBXFileSystemSynchronizedRootGroup section */

/* Begin PBXFrameworksBuildPhase section */
		736CA9772D84170800E6C6F3 /* Frameworks */ = {
			isa = PBXFrameworksBuildPhase;
			buildActionMask = 2147483647;
			files = (
				736CA99C2D841C1100E6C6F3 /* MainModule in Frameworks */,
			);
			runOnlyForDeploymentPostprocessing = 0;
		};
		C7B6502D279ADCF600582325 /* Frameworks */ = {
			isa = PBXFrameworksBuildPhase;
			buildActionMask = 2147483647;
			files = (
				73D492A32D842E0F00E91EB9 /* UserNotifications.framework in Frameworks */,
				736CA9552D84136100E6C6F3 /* MainModule in Frameworks */,
			);
			runOnlyForDeploymentPostprocessing = 0;
		};
/* End PBXFrameworksBuildPhase section */

/* Begin PBXGroup section */
		C7313172279AF73F006081C4 /* Frameworks */ = {
			isa = PBXGroup;
			children = (
				73D492A22D842E0F00E91EB9 /* UserNotifications.framework */,
				C70FE84F2B2E285A002B627F /* SwiftUI.framework */,
			);
			name = Frameworks;
			sourceTree = "<group>";
		};
		C73131BA279B0FF6006081C4 /* iOS */ = {
			isa = PBXGroup;
			children = (
				736CA99F2D84203100E6C6F3 /* govSecureID (iOS).entitlements */,
				736CA94D2D84040800E6C6F3 /* govSecureID--iOS--Info.plist */,
			);
			name = iOS;
			path = govSecureID/iOS;
			sourceTree = "<group>";
		};
		C7B65023279ADCF400582325 = {
			isa = PBXGroup;
			children = (
				C7313171279AECC4006081C4 /* ReadMe.md */,
				C731316E279AECAA006081C4 /* SharedLibrary */,
				736CA94F2D8407CD00E6C6F3 /* Shared */,
				C73131BA279B0FF6006081C4 /* iOS */,
				C7EC826D2B303C8500A4E00D /* Tests */,
				73D4929E2D8422E800E91EB9 /* Notifications */,
				C7B65031279ADCF600582325 /* Products */,
				C7313172279AF73F006081C4 /* Frameworks */,
			);
			sourceTree = "<group>";
		};
		C7B65031279ADCF600582325 /* Products */ = {
			isa = PBXGroup;
			children = (
				C7B65030279ADCF600582325 /* govSecureID-Test.app */,
				736CA97A2D84170800E6C6F3 /* Notifications.appex */,
			);
			name = Products;
			sourceTree = "<group>";
		};
		C7EC826D2B303C8500A4E00D /* Tests */ = {
			isa = PBXGroup;
			children = (
			);
			path = Tests;
			sourceTree = "<group>";
		};
/* End PBXGroup section */

/* Begin PBXNativeTarget section */
		736CA9792D84170800E6C6F3 /* Notifications */ = {
			isa = PBXNativeTarget;
			buildConfigurationList = 736CA9822D84170800E6C6F3 /* Build configuration list for PBXNativeTarget "Notifications" */;
			buildPhases = (
				736CA9762D84170800E6C6F3 /* Sources */,
				736CA9772D84170800E6C6F3 /* Frameworks */,
				736CA9782D84170800E6C6F3 /* Resources */,
			);
			buildRules = (
			);
			dependencies = (
			);
			fileSystemSynchronizedGroups = (
				73D4929E2D8422E800E91EB9 /* Notifications */,
			);
			name = Notifications;
			packageProductDependencies = (
				736CA99B2D841C1100E6C6F3 /* MainModule */,
			);
			productName = Notifications;
			productReference = 736CA97A2D84170800E6C6F3 /* Notifications.appex */;
			productType = "com.apple.product-type.app-extension";
		};
		C7B6502F279ADCF600582325 /* govSecureID (iOS) */ = {
			isa = PBXNativeTarget;
			buildConfigurationList = C7B65059279ADCF600582325 /* Build configuration list for PBXNativeTarget "govSecureID (iOS)" */;
			buildPhases = (
				C7B6502C279ADCF600582325 /* Sources */,
				C717AFC32B2A02A40085F8B3 /* Run SwiftLint */,
				C7B6502D279ADCF600582325 /* Frameworks */,
				C7B6502E279ADCF600582325 /* Resources */,
				C70FE85F2B2E285C002B627F /* Embed Foundation Extensions */,
			);
			buildRules = (
			);
			dependencies = (
				736CA9802D84170800E6C6F3 /* PBXTargetDependency */,
			);
			name = "govSecureID (iOS)";
			packageProductDependencies = (
				736CA9542D84136100E6C6F3 /* MainModule */,
			);
			productName = "govSecureID (iOS)";
			productReference = C7B65030279ADCF600582325 /* govSecureID-Test.app */;
			productType = "com.apple.product-type.application";
		};
/* End PBXNativeTarget section */

/* Begin PBXProject section */
		C7B65024279ADCF400582325 /* Project object */ = {
			isa = PBXProject;
			attributes = {
				BuildIndependentTargetsInParallel = 1;
				LastSwiftUpdateCheck = 1620;
				LastUpgradeCheck = 1600;
				TargetAttributes = {
					736CA9792D84170800E6C6F3 = {
						CreatedOnToolsVersion = 16.2;
					};
					C7B6502F279ADCF600582325 = {
						CreatedOnToolsVersion = 13.2.1;
					};
				};
			};
			buildConfigurationList = C7B65027279ADCF400582325 /* Build configuration list for PBXProject "govSecureID" */;
			compatibilityVersion = "Xcode 15.0";
			developmentRegion = en;
			hasScannedForEncodings = 0;
			knownRegions = (
				en,
				nl,
				Base,
			);
			mainGroup = C7B65023279ADCF400582325;
			productRefGroup = C7B65031279ADCF600582325 /* Products */;
			projectDirPath = "";
			projectRoot = "";
			targets = (
				C7B6502F279ADCF600582325 /* govSecureID (iOS) */,
				736CA9792D84170800E6C6F3 /* Notifications */,
			);
		};
/* End PBXProject section */

/* Begin PBXResourcesBuildPhase section */
		736CA9782D84170800E6C6F3 /* Resources */ = {
			isa = PBXResourcesBuildPhase;
			buildActionMask = 2147483647;
			files = (
			);
			runOnlyForDeploymentPostprocessing = 0;
		};
		C7B6502E279ADCF600582325 /* Resources */ = {
			isa = PBXResourcesBuildPhase;
			buildActionMask = 2147483647;
			files = (
			);
			runOnlyForDeploymentPostprocessing = 0;
		};
/* End PBXResourcesBuildPhase section */

/* Begin PBXShellScriptBuildPhase section */
		C717AFC32B2A02A40085F8B3 /* Run SwiftLint */ = {
			isa = PBXShellScriptBuildPhase;
			alwaysOutOfDate = 1;
			buildActionMask = 12;
			files = (
			);
			inputFileListPaths = (
			);
			inputPaths = (
			);
			name = "Run SwiftLint";
			outputFileListPaths = (
			);
			outputPaths = (
			);
			runOnlyForDeploymentPostprocessing = 0;
			shellPath = /bin/sh;
			shellScript = "if [[ \"$(uname -m)\" == arm64 ]]; then\n    export PATH=\"/opt/homebrew/bin:$PATH\"\nfi\n\nif which swiftlint > /dev/null; then\n  swiftlint\nelse\n  echo \"warning: SwiftLint not installed, download from https://github.com/realm/SwiftLint\"\nfi\n";
			showEnvVarsInLog = 0;
		};
/* End PBXShellScriptBuildPhase section */

/* Begin PBXSourcesBuildPhase section */
		736CA9762D84170800E6C6F3 /* Sources */ = {
			isa = PBXSourcesBuildPhase;
			buildActionMask = 2147483647;
			files = (
			);
			runOnlyForDeploymentPostprocessing = 0;
		};
		C7B6502C279ADCF600582325 /* Sources */ = {
			isa = PBXSourcesBuildPhase;
			buildActionMask = 2147483647;
			files = (
			);
			runOnlyForDeploymentPostprocessing = 0;
		};
/* End PBXSourcesBuildPhase section */

/* Begin PBXTargetDependency section */
		736CA9802D84170800E6C6F3 /* PBXTargetDependency */ = {
			isa = PBXTargetDependency;
			target = 736CA9792D84170800E6C6F3 /* Notifications */;
			targetProxy = 736CA97F2D84170800E6C6F3 /* PBXContainerItemProxy */;
		};
/* End PBXTargetDependency section */

/* Begin XCBuildConfiguration section */
		736CA9832D84170800E6C6F3 /* Debug */ = {
			isa = XCBuildConfiguration;
			buildSettings = {
				CLANG_CXX_LANGUAGE_STANDARD = "gnu++20";
				CODE_SIGN_STYLE = Automatic;
				CURRENT_PROJECT_VERSION = 1;
				DEVELOPMENT_TEAM = X6KYQ3HJF5;
				ENABLE_USER_SCRIPT_SANDBOXING = YES;
				GCC_C_LANGUAGE_STANDARD = gnu17;
				GENERATE_INFOPLIST_FILE = YES;
				INFOPLIST_FILE = Notifications/Info.plist;
				INFOPLIST_KEY_CFBundleDisplayName = Notifications;
				INFOPLIST_KEY_NSHumanReadableCopyright = "";
				IPHONEOS_DEPLOYMENT_TARGET = 15.0;
				LD_RUNPATH_SEARCH_PATHS = (
					"$(inherited)",
					"@executable_path/Frameworks",
					"@executable_path/../../Frameworks",
				);
				MARKETING_VERSION = 1.0;
				PRODUCT_BUNDLE_IDENTIFIER = nl.govroam.govconext.govsecureid.Notifications;
				PRODUCT_NAME = "$(TARGET_NAME)";
				SDKROOT = iphoneos;
				SKIP_INSTALL = YES;
				SUPPORTED_PLATFORMS = "iphoneos iphonesimulator";
				SUPPORTS_MACCATALYST = NO;
				SUPPORTS_MAC_DESIGNED_FOR_IPHONE_IPAD = NO;
				SWIFT_ACTIVE_COMPILATION_CONDITIONS = "DEBUG $(inherited)";
				SWIFT_EMIT_LOC_STRINGS = YES;
				SWIFT_VERSION = 5.0;
				TARGETED_DEVICE_FAMILY = "1,2";
			};
			name = Debug;
		};
		736CA9842D84170800E6C6F3 /* Release */ = {
			isa = XCBuildConfiguration;
			buildSettings = {
				CLANG_CXX_LANGUAGE_STANDARD = "gnu++20";
				CODE_SIGN_ENTITLEMENTS = NotificationsRelease.entitlements;
				CODE_SIGN_STYLE = Automatic;
				CURRENT_PROJECT_VERSION = 1;
				DEVELOPMENT_TEAM = X6KYQ3HJF5;
				ENABLE_USER_SCRIPT_SANDBOXING = YES;
				GCC_C_LANGUAGE_STANDARD = gnu17;
				GENERATE_INFOPLIST_FILE = YES;
				INFOPLIST_FILE = Notifications/Info.plist;
				INFOPLIST_KEY_CFBundleDisplayName = Notifications;
				INFOPLIST_KEY_NSHumanReadableCopyright = "";
				IPHONEOS_DEPLOYMENT_TARGET = 15.0;
				LD_RUNPATH_SEARCH_PATHS = (
					"$(inherited)",
					"@executable_path/Frameworks",
					"@executable_path/../../Frameworks",
				);
				MARKETING_VERSION = 1.0;
				PRODUCT_BUNDLE_IDENTIFIER = nl.govroam.govconext.govsecureid.Notifications;
				PRODUCT_NAME = "$(TARGET_NAME)";
				SDKROOT = iphoneos;
				SKIP_INSTALL = YES;
				SUPPORTED_PLATFORMS = "iphoneos iphonesimulator";
				SUPPORTS_MACCATALYST = NO;
				SUPPORTS_MAC_DESIGNED_FOR_IPHONE_IPAD = NO;
				SWIFT_EMIT_LOC_STRINGS = YES;
				SWIFT_VERSION = 5.0;
				TARGETED_DEVICE_FAMILY = "1,2";
				VALIDATE_PRODUCT = YES;
			};
			name = Release;
		};
		C7B65057279ADCF600582325 /* Debug */ = {
			isa = XCBuildConfiguration;
			buildSettings = {
				ALWAYS_SEARCH_USER_PATHS = NO;
				ASSETCATALOG_COMPILER_GENERATE_SWIFT_ASSET_SYMBOL_EXTENSIONS = YES;
				CLANG_ANALYZER_LOCALIZABILITY_EMPTY_CONTEXT = YES;
				CLANG_ANALYZER_LOCALIZABILITY_NONLOCALIZED = YES;
				CLANG_ANALYZER_NONNULL = YES;
				CLANG_ANALYZER_NUMBER_OBJECT_CONVERSION = YES_AGGRESSIVE;
				CLANG_CXX_LANGUAGE_STANDARD = "gnu++17";
				CLANG_CXX_LIBRARY = "libc++";
				CLANG_ENABLE_MODULES = YES;
				CLANG_ENABLE_OBJC_ARC = YES;
				CLANG_ENABLE_OBJC_WEAK = YES;
				CLANG_WARN_BLOCK_CAPTURE_AUTORELEASING = YES;
				CLANG_WARN_BOOL_CONVERSION = YES;
				CLANG_WARN_COMMA = YES;
				CLANG_WARN_CONSTANT_CONVERSION = YES;
				CLANG_WARN_DEPRECATED_OBJC_IMPLEMENTATIONS = YES;
				CLANG_WARN_DIRECT_OBJC_ISA_USAGE = YES_ERROR;
				CLANG_WARN_DOCUMENTATION_COMMENTS = YES;
				CLANG_WARN_EMPTY_BODY = YES;
				CLANG_WARN_ENUM_CONVERSION = YES;
				CLANG_WARN_INFINITE_RECURSION = YES;
				CLANG_WARN_INT_CONVERSION = YES;
				CLANG_WARN_NON_LITERAL_NULL_CONVERSION = YES;
				CLANG_WARN_OBJC_IMPLICIT_RETAIN_SELF = YES;
				CLANG_WARN_OBJC_LITERAL_CONVERSION = YES;
				CLANG_WARN_OBJC_ROOT_CLASS = YES_ERROR;
				CLANG_WARN_QUOTED_INCLUDE_IN_FRAMEWORK_HEADER = YES;
				CLANG_WARN_RANGE_LOOP_ANALYSIS = YES;
				CLANG_WARN_STRICT_PROTOTYPES = YES;
				CLANG_WARN_SUSPICIOUS_MOVE = YES;
				CLANG_WARN_UNGUARDED_AVAILABILITY = YES_AGGRESSIVE;
				CLANG_WARN_UNREACHABLE_CODE = YES;
				CLANG_WARN__DUPLICATE_METHOD_MATCH = YES;
				COPY_PHASE_STRIP = NO;
				DEAD_CODE_STRIPPING = YES;
				DEBUG_INFORMATION_FORMAT = dwarf;
				ENABLE_STRICT_OBJC_MSGSEND = YES;
				ENABLE_TESTABILITY = YES;
				GCC_C_LANGUAGE_STANDARD = gnu11;
				GCC_DYNAMIC_NO_PIC = NO;
				GCC_NO_COMMON_BLOCKS = YES;
				GCC_OPTIMIZATION_LEVEL = 0;
				GCC_PREPROCESSOR_DEFINITIONS = (
					"DEBUG=1",
					"$(inherited)",
				);
				GCC_WARN_64_TO_32_BIT_CONVERSION = YES;
				GCC_WARN_ABOUT_RETURN_TYPE = YES_ERROR;
				GCC_WARN_UNDECLARED_SELECTOR = YES;
				GCC_WARN_UNINITIALIZED_AUTOS = YES_AGGRESSIVE;
				GCC_WARN_UNUSED_FUNCTION = YES;
				GCC_WARN_UNUSED_VARIABLE = YES;
				LOCALIZATION_PREFERS_STRING_CATALOGS = YES;
				MTL_ENABLE_DEBUG_INFO = INCLUDE_SOURCE;
				MTL_FAST_MATH = YES;
				ONLY_ACTIVE_ARCH = YES;
				RUN_DOCUMENTATION_COMPILER = NO;
				SWIFT_ACTIVE_COMPILATION_CONDITIONS = DEBUG;
				SWIFT_EMIT_LOC_STRINGS = YES;
				SWIFT_OPTIMIZATION_LEVEL = "-Onone";
				SWIFT_VERSION = 6.0;
				TIQR_APP_GROUP = group.nl.govroam.govconext.govsecureid.test;
				TIQR_ENFORCE_CHALLENGE_HOSTS = tiqr.acc.govconext.nl;
			};
			name = Debug;
		};
		C7B65058279ADCF600582325 /* Release */ = {
			isa = XCBuildConfiguration;
			buildSettings = {
				ALWAYS_SEARCH_USER_PATHS = NO;
				ASSETCATALOG_COMPILER_GENERATE_SWIFT_ASSET_SYMBOL_EXTENSIONS = YES;
				CLANG_ANALYZER_LOCALIZABILITY_EMPTY_CONTEXT = YES;
				CLANG_ANALYZER_LOCALIZABILITY_NONLOCALIZED = YES;
				CLANG_ANALYZER_NONNULL = YES;
				CLANG_ANALYZER_NUMBER_OBJECT_CONVERSION = YES_AGGRESSIVE;
				CLANG_CXX_LANGUAGE_STANDARD = "gnu++17";
				CLANG_CXX_LIBRARY = "libc++";
				CLANG_ENABLE_MODULES = YES;
				CLANG_ENABLE_OBJC_ARC = YES;
				CLANG_ENABLE_OBJC_WEAK = YES;
				CLANG_WARN_BLOCK_CAPTURE_AUTORELEASING = YES;
				CLANG_WARN_BOOL_CONVERSION = YES;
				CLANG_WARN_COMMA = YES;
				CLANG_WARN_CONSTANT_CONVERSION = YES;
				CLANG_WARN_DEPRECATED_OBJC_IMPLEMENTATIONS = YES;
				CLANG_WARN_DIRECT_OBJC_ISA_USAGE = YES_ERROR;
				CLANG_WARN_DOCUMENTATION_COMMENTS = YES;
				CLANG_WARN_EMPTY_BODY = YES;
				CLANG_WARN_ENUM_CONVERSION = YES;
				CLANG_WARN_INFINITE_RECURSION = YES;
				CLANG_WARN_INT_CONVERSION = YES;
				CLANG_WARN_NON_LITERAL_NULL_CONVERSION = YES;
				CLANG_WARN_OBJC_IMPLICIT_RETAIN_SELF = YES;
				CLANG_WARN_OBJC_LITERAL_CONVERSION = YES;
				CLANG_WARN_OBJC_ROOT_CLASS = YES_ERROR;
				CLANG_WARN_QUOTED_INCLUDE_IN_FRAMEWORK_HEADER = YES;
				CLANG_WARN_RANGE_LOOP_ANALYSIS = YES;
				CLANG_WARN_STRICT_PROTOTYPES = YES;
				CLANG_WARN_SUSPICIOUS_MOVE = YES;
				CLANG_WARN_UNGUARDED_AVAILABILITY = YES_AGGRESSIVE;
				CLANG_WARN_UNREACHABLE_CODE = YES;
				CLANG_WARN__DUPLICATE_METHOD_MATCH = YES;
				COPY_PHASE_STRIP = NO;
				DEAD_CODE_STRIPPING = YES;
				DEBUG_INFORMATION_FORMAT = "dwarf-with-dsym";
				ENABLE_NS_ASSERTIONS = NO;
				ENABLE_STRICT_OBJC_MSGSEND = YES;
				GCC_C_LANGUAGE_STANDARD = gnu11;
				GCC_NO_COMMON_BLOCKS = YES;
				GCC_WARN_64_TO_32_BIT_CONVERSION = YES;
				GCC_WARN_ABOUT_RETURN_TYPE = YES_ERROR;
				GCC_WARN_UNDECLARED_SELECTOR = YES;
				GCC_WARN_UNINITIALIZED_AUTOS = YES_AGGRESSIVE;
				GCC_WARN_UNUSED_FUNCTION = YES;
				GCC_WARN_UNUSED_VARIABLE = YES;
				LOCALIZATION_PREFERS_STRING_CATALOGS = YES;
				MTL_ENABLE_DEBUG_INFO = NO;
				MTL_FAST_MATH = YES;
				RUN_DOCUMENTATION_COMPILER = NO;
				SWIFT_COMPILATION_MODE = wholemodule;
				SWIFT_EMIT_LOC_STRINGS = YES;
				SWIFT_OPTIMIZATION_LEVEL = "-O";
				SWIFT_VERSION = 6.0;
				TIQR_APP_GROUP = group.nl.govroam.govconext.govsecureid;
				TIQR_ENFORCE_CHALLENGE_HOSTS = govsecureid.govconext.nl;
			};
			name = Release;
		};
		C7B6505A279ADCF600582325 /* Debug */ = {
			isa = XCBuildConfiguration;
			buildSettings = {
				ASSETCATALOG_COMPILER_APPICON_NAME = AppIcon;
				ASSETCATALOG_COMPILER_GLOBAL_ACCENT_COLOR_NAME = AccentColor;
				CODE_SIGN_ENTITLEMENTS = "govSecureID/iOS/govSecureID (iOS).entitlements";
				CODE_SIGN_STYLE = Automatic;
				CURRENT_PROJECT_VERSION = 1;
				DEVELOPMENT_TEAM = X6KYQ3HJF5;
				ENABLE_PREVIEWS = YES;
				GENERATE_INFOPLIST_FILE = YES;
				INFOPLIST_FILE = "govSecureID/iOS/govSecureID--iOS--Info.plist";
				INFOPLIST_KEY_CFBundleDisplayName = "govSecureID Test";
				INFOPLIST_KEY_LSApplicationCategoryType = "";
				INFOPLIST_KEY_NSCameraUsageDescription = "govSecureID uses the camera to scan QR-codes";
				INFOPLIST_KEY_NSFaceIDUsageDescription = "Tiqr uses Face ID to login without a PIN";
				INFOPLIST_KEY_UIApplicationSupportsIndirectInputEvents = YES;
				INFOPLIST_KEY_UISupportedInterfaceOrientations = UIInterfaceOrientationPortrait;
				IPHONEOS_DEPLOYMENT_TARGET = 15.0;
				LD_RUNPATH_SEARCH_PATHS = (
					"$(inherited)",
					"@executable_path/Frameworks",
				);
				MARKETING_VERSION = 1.0;
				PRODUCT_BUNDLE_IDENTIFIER = nl.govroam.govconext.govsecureid;
				PRODUCT_NAME = "govSecureID-Test";
				SDKROOT = iphoneos;
				SUPPORTED_PLATFORMS = "iphoneos iphonesimulator";
				SUPPORTS_MACCATALYST = NO;
				SUPPORTS_MAC_DESIGNED_FOR_IPHONE_IPAD = NO;
				SUPPORTS_XR_DESIGNED_FOR_IPHONE_IPAD = YES;
				TARGETED_DEVICE_FAMILY = "1,2";
				TIQR_APP_GROUP = group.nl.govroam.govconext.govsecureid.test;
				TIQR_AUTHENTICATION_URL_PATH_PARAMETER = tiqrauth/;
				TIQR_AUTHENTICATION_URL_SCHEME = tiqrtestauth;
				TIQR_ENFORCE_CHALLENGE_HOSTS = tiqr.acc.govconext.nl;
				TIQR_ENROLLMENT_URL_PATH_PARAMETER = tiqrenroll/;
				TIQR_ENROLLMENT_URL_SCHEME = tiqrtestenroll;
			};
			name = Debug;
		};
		C7B6505B279ADCF600582325 /* Release */ = {
			isa = XCBuildConfiguration;
			buildSettings = {
				ASSETCATALOG_COMPILER_APPICON_NAME = AppIcon;
				ASSETCATALOG_COMPILER_GLOBAL_ACCENT_COLOR_NAME = AccentColor;
				CODE_SIGN_ENTITLEMENTS = "govSecureID/iOS/govSecureID (iOS).entitlements";
				CODE_SIGN_STYLE = Automatic;
				CURRENT_PROJECT_VERSION = 1;
				DEVELOPMENT_TEAM = X6KYQ3HJF5;
				ENABLE_PREVIEWS = YES;
				GENERATE_INFOPLIST_FILE = YES;
				INFOPLIST_FILE = "govSecureID/iOS/govSecureID--iOS--Info.plist";
				INFOPLIST_KEY_CFBundleDisplayName = govSecureID;
				INFOPLIST_KEY_LSApplicationCategoryType = "";
				INFOPLIST_KEY_NSCameraUsageDescription = "govSecureID uses the camera to scan QR-codes";
				INFOPLIST_KEY_NSFaceIDUsageDescription = "Tiqr uses Face ID to login without a PIN";
				INFOPLIST_KEY_UIApplicationSupportsIndirectInputEvents = YES;
				INFOPLIST_KEY_UISupportedInterfaceOrientations = UIInterfaceOrientationPortrait;
				IPHONEOS_DEPLOYMENT_TARGET = 15.0;
				LD_RUNPATH_SEARCH_PATHS = (
					"$(inherited)",
					"@executable_path/Frameworks",
				);
				MARKETING_VERSION = 1.0;
				PRODUCT_BUNDLE_IDENTIFIER = nl.govroam.govconext.govsecureid;
				PRODUCT_NAME = govSecureID;
				SDKROOT = iphoneos;
				SUPPORTED_PLATFORMS = "iphoneos iphonesimulator";
				SUPPORTS_MACCATALYST = NO;
				SUPPORTS_MAC_DESIGNED_FOR_IPHONE_IPAD = NO;
				SUPPORTS_XR_DESIGNED_FOR_IPHONE_IPAD = YES;
				TARGETED_DEVICE_FAMILY = "1,2";
				TIQR_APP_GROUP = group.nl.govroam.govconext.govsecureid;
				TIQR_AUTHENTICATION_URL_PATH_PARAMETER = tiqrauth/;
				TIQR_AUTHENTICATION_URL_SCHEME = tiqrauth;
				TIQR_ENFORCE_CHALLENGE_HOSTS = govsecureid.govconext.nl;
				TIQR_ENROLLMENT_URL_PATH_PARAMETER = tiqrenroll/;
				TIQR_ENROLLMENT_URL_SCHEME = tiqrenroll;
				VALIDATE_PRODUCT = YES;
			};
			name = Release;
		};
/* End XCBuildConfiguration section */

/* Begin XCConfigurationList section */
		736CA9822D84170800E6C6F3 /* Build configuration list for PBXNativeTarget "Notifications" */ = {
			isa = XCConfigurationList;
			buildConfigurations = (
				736CA9832D84170800E6C6F3 /* Debug */,
				736CA9842D84170800E6C6F3 /* Release */,
			);
			defaultConfigurationIsVisible = 0;
			defaultConfigurationName = Release;
		};
		C7B65027279ADCF400582325 /* Build configuration list for PBXProject "govSecureID" */ = {
			isa = XCConfigurationList;
			buildConfigurations = (
				C7B65057279ADCF600582325 /* Debug */,
				C7B65058279ADCF600582325 /* Release */,
			);
			defaultConfigurationIsVisible = 0;
			defaultConfigurationName = Release;
		};
		C7B65059279ADCF600582325 /* Build configuration list for PBXNativeTarget "govSecureID (iOS)" */ = {
			isa = XCConfigurationList;
			buildConfigurations = (
				C7B6505A279ADCF600582325 /* Debug */,
				C7B6505B279ADCF600582325 /* Release */,
			);
			defaultConfigurationIsVisible = 0;
			defaultConfigurationName = Release;
		};
/* End XCConfigurationList section */

/* Begin XCSwiftPackageProductDependency section */
		736CA9542D84136100E6C6F3 /* MainModule */ = {
			isa = XCSwiftPackageProductDependency;
			productName = MainModule;
		};
		736CA99B2D841C1100E6C6F3 /* MainModule */ = {
			isa = XCSwiftPackageProductDependency;
			productName = MainModule;
		};
/* End XCSwiftPackageProductDependency section */
	};
	rootObject = C7B65024279ADCF400582325 /* Project object */;
}
